
Microsoft Visual Studio Solution File, Format Version 12.00
# Visual Studio 15
VisualStudioVersion = 15.0.26730.12
MinimumVisualStudioVersion = 10.0.40219.1
Project("{FAE04EC0-301F-11D3-BF4B-00C04F79EFBC}") = "Getting real", "Getting real\Getting real.csproj", "{A429DE23-22BF-4205-9799-77A30C7358E2}"
EndProject
Project("{FAE04EC0-301F-11D3-BF4B-00C04F79EFBC}") = "MCMHarvestService", "MCMHarvestService\MCMHarvestService.csproj", "{4CCEECD0-EDDB-4325-BBF6-FC4087CB6A8F}"
EndProject
Global
	GlobalSection(SolutionConfigurationPlatforms) = preSolution
		Debug|Any CPU = Debug|Any CPU
		Release|Any CPU = Release|Any CPU
	EndGlobalSection
	GlobalSection(ProjectConfigurationPlatforms) = postSolution
		{A429DE23-22BF-4205-9799-77A30C7358E2}.Debug|Any CPU.ActiveCfg = Debug|Any CPU
		{A429DE23-22BF-4205-9799-77A30C7358E2}.Debug|Any CPU.Build.0 = Debug|Any CPU
		{A429DE23-22BF-4205-9799-77A30C7358E2}.Release|Any CPU.ActiveCfg = Release|Any CPU
		{A429DE23-22BF-4205-9799-77A30C7358E2}.Release|Any CPU.Build.0 = Release|Any CPU
		{4CCEECD0-EDDB-4325-BBF6-FC4087CB6A8F}.Debug|Any CPU.ActiveCfg = Debug|Any CPU
		{4CCEECD0-EDDB-4325-BBF6-FC4087CB6A8F}.Debug|Any CPU.Build.0 = Debug|Any CPU
		{4CCEECD0-EDDB-4325-BBF6-FC4087CB6A8F}.Release|Any CPU.ActiveCfg = Release|Any CPU
		{4CCEECD0-EDDB-4325-BBF6-FC4087CB6A8F}.Release|Any CPU.Build.0 = Release|Any CPU
	EndGlobalSection
	GlobalSection(SolutionProperties) = preSolution
		HideSolutionNode = FALSE
	EndGlobalSection
	GlobalSection(ExtensibilityGlobals) = postSolution
		SolutionGuid = {27F8CAB9-F55A-4226-8A99-CE1FB0EE8C76}
	EndGlobalSection
EndGlobal
